// !$*UTF8*$!
{
	archiveVersion = 1;
	classes = {
	};
	objectVersion = 46;
	objects = {

/* Begin PBXBuildFile section */
		0B703EB419E70B5F00CED5B4 /* main.m in Sources */ = {isa = PBXBuildFile; fileRef = 0B703EB319E70B5F00CED5B4 /* main.m */; };
		0B703EB719E70B5F00CED5B4 /* AppDelegate.m in Sources */ = {isa = PBXBuildFile; fileRef = 0B703EB619E70B5F00CED5B4 /* AppDelegate.m */; };
		0B703EBA19E70B5F00CED5B4 /* MasterViewController.m in Sources */ = {isa = PBXBuildFile; fileRef = 0B703EB919E70B5F00CED5B4 /* MasterViewController.m */; };
		0B703EBD19E70B5F00CED5B4 /* DetailViewController.m in Sources */ = {isa = PBXBuildFile; fileRef = 0B703EBC19E70B5F00CED5B4 /* DetailViewController.m */; };
		0B703EC019E70B5F00CED5B4 /* Main.storyboard in Resources */ = {isa = PBXBuildFile; fileRef = 0B703EBE19E70B5F00CED5B4 /* Main.storyboard */; };
		0B703EC219E70B5F00CED5B4 /* Images.xcassets in Resources */ = {isa = PBXBuildFile; fileRef = 0B703EC119E70B5F00CED5B4 /* Images.xcassets */; };
		0B703EC519E70B5F00CED5B4 /* LaunchScreen.xib in Resources */ = {isa = PBXBuildFile; fileRef = 0B703EC319E70B5F00CED5B4 /* LaunchScreen.xib */; };
		0B703ED119E70B5F00CED5B4 /* RingSeqTests.m in Sources */ = {isa = PBXBuildFile; fileRef = 0B703ED019E70B5F00CED5B4 /* RingSeqTests.m */; };
		0B74952719EB5A870078296B /* Measure.m in Sources */ = {isa = PBXBuildFile; fileRef = 0B74952619EB5A870078296B /* Measure.m */; };
		0B74952B19EB793B0078296B /* Instrument.m in Sources */ = {isa = PBXBuildFile; fileRef = 0B74952A19EB793B0078296B /* Instrument.m */; };
		0B74952E19EB7BA50078296B /* Assets.m in Sources */ = {isa = PBXBuildFile; fileRef = 0B74952D19EB7BA50078296B /* Assets.m */; };
		0B74953119EC553C0078296B /* Staff.m in Sources */ = {isa = PBXBuildFile; fileRef = 0B74953019EC553C0078296B /* Staff.m */; };
		0B74953419EC5C570078296B /* NoteDescription.m in Sources */ = {isa = PBXBuildFile; fileRef = 0B74953319EC5C570078296B /* NoteDescription.m */; };
/* End PBXBuildFile section */

/* Begin PBXContainerItemProxy section */
		0B703ECB19E70B5F00CED5B4 /* PBXContainerItemProxy */ = {
			isa = PBXContainerItemProxy;
			containerPortal = 0B703EA619E70B5F00CED5B4 /* Project object */;
			proxyType = 1;
			remoteGlobalIDString = 0B703EAD19E70B5F00CED5B4;
			remoteInfo = RingSeq;
		};
/* End PBXContainerItemProxy section */

/* Begin PBXFileReference section */
		0B703EAE19E70B5F00CED5B4 /* RingSeq.app */ = {isa = PBXFileReference; explicitFileType = wrapper.application; includeInIndex = 0; path = RingSeq.app; sourceTree = BUILT_PRODUCTS_DIR; };
		0B703EB219E70B5F00CED5B4 /* Info.plist */ = {isa = PBXFileReference; lastKnownFileType = text.plist.xml; path = Info.plist; sourceTree = "<group>"; };
		0B703EB319E70B5F00CED5B4 /* main.m */ = {isa = PBXFileReference; lastKnownFileType = sourcecode.c.objc; path = main.m; sourceTree = "<group>"; };
		0B703EB519E70B5F00CED5B4 /* AppDelegate.h */ = {isa = PBXFileReference; lastKnownFileType = sourcecode.c.h; path = AppDelegate.h; sourceTree = "<group>"; };
		0B703EB619E70B5F00CED5B4 /* AppDelegate.m */ = {isa = PBXFileReference; lastKnownFileType = sourcecode.c.objc; path = AppDelegate.m; sourceTree = "<group>"; };
		0B703EB819E70B5F00CED5B4 /* MasterViewController.h */ = {isa = PBXFileReference; lastKnownFileType = sourcecode.c.h; path = MasterViewController.h; sourceTree = "<group>"; };
		0B703EB919E70B5F00CED5B4 /* MasterViewController.m */ = {isa = PBXFileReference; lastKnownFileType = sourcecode.c.objc; path = MasterViewController.m; sourceTree = "<group>"; };
		0B703EBB19E70B5F00CED5B4 /* DetailViewController.h */ = {isa = PBXFileReference; lastKnownFileType = sourcecode.c.h; path = DetailViewController.h; sourceTree = "<group>"; };
		0B703EBC19E70B5F00CED5B4 /* DetailViewController.m */ = {isa = PBXFileReference; lastKnownFileType = sourcecode.c.objc; path = DetailViewController.m; sourceTree = "<group>"; };
		0B703EBF19E70B5F00CED5B4 /* Base */ = {isa = PBXFileReference; lastKnownFileType = file.storyboard; name = Base; path = Base.lproj/Main.storyboard; sourceTree = "<group>"; };
		0B703EC119E70B5F00CED5B4 /* Images.xcassets */ = {isa = PBXFileReference; lastKnownFileType = folder.assetcatalog; path = Images.xcassets; sourceTree = "<group>"; };
		0B703EC419E70B5F00CED5B4 /* Base */ = {isa = PBXFileReference; lastKnownFileType = file.xib; name = Base; path = Base.lproj/LaunchScreen.xib; sourceTree = "<group>"; };
		0B703ECA19E70B5F00CED5B4 /* RingSeqTests.xctest */ = {isa = PBXFileReference; explicitFileType = wrapper.cfbundle; includeInIndex = 0; path = RingSeqTests.xctest; sourceTree = BUILT_PRODUCTS_DIR; };
		0B703ECF19E70B5F00CED5B4 /* Info.plist */ = {isa = PBXFileReference; lastKnownFileType = text.plist.xml; path = Info.plist; sourceTree = "<group>"; };
		0B703ED019E70B5F00CED5B4 /* RingSeqTests.m */ = {isa = PBXFileReference; lastKnownFileType = sourcecode.c.objc; path = RingSeqTests.m; sourceTree = "<group>"; };
		0B74952519EB5A870078296B /* Measure.h */ = {isa = PBXFileReference; fileEncoding = 4; lastKnownFileType = sourcecode.c.h; path = Measure.h; sourceTree = "<group>"; };
		0B74952619EB5A870078296B /* Measure.m */ = {isa = PBXFileReference; fileEncoding = 4; lastKnownFileType = sourcecode.c.objc; path = Measure.m; sourceTree = "<group>"; };
		0B74952919EB793B0078296B /* Instrument.h */ = {isa = PBXFileReference; fileEncoding = 4; lastKnownFileType = sourcecode.c.h; path = Instrument.h; sourceTree = "<group>"; };
		0B74952A19EB793B0078296B /* Instrument.m */ = {isa = PBXFileReference; fileEncoding = 4; lastKnownFileType = sourcecode.c.objc; path = Instrument.m; sourceTree = "<group>"; };
		0B74952C19EB7BA50078296B /* Assets.h */ = {isa = PBXFileReference; fileEncoding = 4; lastKnownFileType = sourcecode.c.h; path = Assets.h; sourceTree = "<group>"; };
		0B74952D19EB7BA50078296B /* Assets.m */ = {isa = PBXFileReference; fileEncoding = 4; lastKnownFileType = sourcecode.c.objc; path = Assets.m; sourceTree = "<group>"; };
		0B74952F19EC553C0078296B /* Staff.h */ = {isa = PBXFileReference; fileEncoding = 4; lastKnownFileType = sourcecode.c.h; path = Staff.h; sourceTree = "<group>"; };
		0B74953019EC553C0078296B /* Staff.m */ = {isa = PBXFileReference; fileEncoding = 4; lastKnownFileType = sourcecode.c.objc; path = Staff.m; sourceTree = "<group>"; };
		0B74953219EC5C570078296B /* NoteDescription.h */ = {isa = PBXFileReference; fileEncoding = 4; lastKnownFileType = sourcecode.c.h; path = NoteDescription.h; sourceTree = "<group>"; };
		0B74953319EC5C570078296B /* NoteDescription.m */ = {isa = PBXFileReference; fileEncoding = 4; lastKnownFileType = sourcecode.c.objc; path = NoteDescription.m; sourceTree = "<group>"; };
/* End PBXFileReference section */

/* Begin PBXFrameworksBuildPhase section */
		0B703EAB19E70B5F00CED5B4 /* Frameworks */ = {
			isa = PBXFrameworksBuildPhase;
			buildActionMask = 2147483647;
			files = (
			);
			runOnlyForDeploymentPostprocessing = 0;
		};
		0B703EC719E70B5F00CED5B4 /* Frameworks */ = {
			isa = PBXFrameworksBuildPhase;
			buildActionMask = 2147483647;
			files = (
			);
			runOnlyForDeploymentPostprocessing = 0;
		};
/* End PBXFrameworksBuildPhase section */

/* Begin PBXGroup section */
		0B703EA519E70B5F00CED5B4 = {
			isa = PBXGroup;
			children = (
				0B703EB019E70B5F00CED5B4 /* RingSeq */,
				0B703ECD19E70B5F00CED5B4 /* RingSeqTests */,
				0B703EAF19E70B5F00CED5B4 /* Products */,
			);
			sourceTree = "<group>";
		};
		0B703EAF19E70B5F00CED5B4 /* Products */ = {
			isa = PBXGroup;
			children = (
				0B703EAE19E70B5F00CED5B4 /* RingSeq.app */,
				0B703ECA19E70B5F00CED5B4 /* RingSeqTests.xctest */,
			);
			name = Products;
			sourceTree = "<group>";
		};
		0B703EB019E70B5F00CED5B4 /* RingSeq */ = {
			isa = PBXGroup;
			children = (
				0B74952819EB79150078296B /* InstrumentAsset */,
				0B74951F19EB59AA0078296B /* GridLayout */,
				0B703EB519E70B5F00CED5B4 /* AppDelegate.h */,
				0B703EB619E70B5F00CED5B4 /* AppDelegate.m */,
				0B703EB819E70B5F00CED5B4 /* MasterViewController.h */,
				0B703EB919E70B5F00CED5B4 /* MasterViewController.m */,
				0B703EBB19E70B5F00CED5B4 /* DetailViewController.h */,
				0B703EBC19E70B5F00CED5B4 /* DetailViewController.m */,
				0B703EBE19E70B5F00CED5B4 /* Main.storyboard */,
				0B703EC119E70B5F00CED5B4 /* Images.xcassets */,
				0B703EC319E70B5F00CED5B4 /* LaunchScreen.xib */,
				0B703EB119E70B5F00CED5B4 /* Supporting Files */,
			);
			path = RingSeq;
			sourceTree = "<group>";
		};
		0B703EB119E70B5F00CED5B4 /* Supporting Files */ = {
			isa = PBXGroup;
			children = (
				0B703EB219E70B5F00CED5B4 /* Info.plist */,
				0B703EB319E70B5F00CED5B4 /* main.m */,
			);
			name = "Supporting Files";
			sourceTree = "<group>";
		};
		0B703ECD19E70B5F00CED5B4 /* RingSeqTests */ = {
			isa = PBXGroup;
			children = (
				0B703ED019E70B5F00CED5B4 /* RingSeqTests.m */,
				0B703ECE19E70B5F00CED5B4 /* Supporting Files */,
			);
			path = RingSeqTests;
			sourceTree = "<group>";
		};
		0B703ECE19E70B5F00CED5B4 /* Supporting Files */ = {
			isa = PBXGroup;
			children = (
				0B703ECF19E70B5F00CED5B4 /* Info.plist */,
			);
			name = "Supporting Files";
			sourceTree = "<group>";
		};
		0B74951F19EB59AA0078296B /* GridLayout */ = {
			isa = PBXGroup;
			children = (
				0B74952519EB5A870078296B /* Measure.h */,
				0B74952619EB5A870078296B /* Measure.m */,
				0B74952F19EC553C0078296B /* Staff.h */,
				0B74953019EC553C0078296B /* Staff.m */,
			);
			name = GridLayout;
			sourceTree = "<group>";
		};
		0B74952819EB79150078296B /* InstrumentAsset */ = {
			isa = PBXGroup;
			children = (
				0B74952919EB793B0078296B /* Instrument.h */,
				0B74952A19EB793B0078296B /* Instrument.m */,
				0B74952C19EB7BA50078296B /* Assets.h */,
				0B74952D19EB7BA50078296B /* Assets.m */,
				0B74953219EC5C570078296B /* NoteDescription.h */,
				0B74953319EC5C570078296B /* NoteDescription.m */,
			);
			name = InstrumentAsset;
			sourceTree = "<group>";
		};
/* End PBXGroup section */

/* Begin PBXNativeTarget section */
		0B703EAD19E70B5F00CED5B4 /* RingSeq */ = {
			isa = PBXNativeTarget;
			buildConfigurationList = 0B703ED419E70B5F00CED5B4 /* Build configuration list for PBXNativeTarget "RingSeq" */;
			buildPhases = (
				0B703EAA19E70B5F00CED5B4 /* Sources */,
				0B703EAB19E70B5F00CED5B4 /* Frameworks */,
				0B703EAC19E70B5F00CED5B4 /* Resources */,
			);
			buildRules = (
			);
			dependencies = (
			);
			name = RingSeq;
			productName = RingSeq;
			productReference = 0B703EAE19E70B5F00CED5B4 /* RingSeq.app */;
			productType = "com.apple.product-type.application";
		};
		0B703EC919E70B5F00CED5B4 /* RingSeqTests */ = {
			isa = PBXNativeTarget;
			buildConfigurationList = 0B703ED719E70B5F00CED5B4 /* Build configuration list for PBXNativeTarget "RingSeqTests" */;
			buildPhases = (
				0B703EC619E70B5F00CED5B4 /* Sources */,
				0B703EC719E70B5F00CED5B4 /* Frameworks */,
				0B703EC819E70B5F00CED5B4 /* Resources */,
			);
			buildRules = (
			);
			dependencies = (
				0B703ECC19E70B5F00CED5B4 /* PBXTargetDependency */,
			);
			name = RingSeqTests;
			productName = RingSeqTests;
			productReference = 0B703ECA19E70B5F00CED5B4 /* RingSeqTests.xctest */;
			productType = "com.apple.product-type.bundle.unit-test";
		};
/* End PBXNativeTarget section */

/* Begin PBXProject section */
		0B703EA619E70B5F00CED5B4 /* Project object */ = {
			isa = PBXProject;
			attributes = {
				LastUpgradeCheck = 0600;
				ORGANIZATIONNAME = Clouby;
				TargetAttributes = {
					0B703EAD19E70B5F00CED5B4 = {
						CreatedOnToolsVersion = 6.0.1;
					};
					0B703EC919E70B5F00CED5B4 = {
						CreatedOnToolsVersion = 6.0.1;
						TestTargetID = 0B703EAD19E70B5F00CED5B4;
					};
				};
			};
			buildConfigurationList = 0B703EA919E70B5F00CED5B4 /* Build configuration list for PBXProject "RingSeq" */;
			compatibilityVersion = "Xcode 3.2";
			developmentRegion = English;
			hasScannedForEncodings = 0;
			knownRegions = (
				en,
				Base,
			);
			mainGroup = 0B703EA519E70B5F00CED5B4;
			productRefGroup = 0B703EAF19E70B5F00CED5B4 /* Products */;
			projectDirPath = "";
			projectRoot = "";
			targets = (
				0B703EAD19E70B5F00CED5B4 /* RingSeq */,
				0B703EC919E70B5F00CED5B4 /* RingSeqTests */,
			);
		};
/* End PBXProject section */

/* Begin PBXResourcesBuildPhase section */
		0B703EAC19E70B5F00CED5B4 /* Resources */ = {
			isa = PBXResourcesBuildPhase;
			buildActionMask = 2147483647;
			files = (
				0B703EC019E70B5F00CED5B4 /* Main.storyboard in Resources */,
				0B703EC519E70B5F00CED5B4 /* LaunchScreen.xib in Resources */,
				0B703EC219E70B5F00CED5B4 /* Images.xcassets in Resources */,
			);
			runOnlyForDeploymentPostprocessing = 0;
		};
		0B703EC819E70B5F00CED5B4 /* Resources */ = {
			isa = PBXResourcesBuildPhase;
			buildActionMask = 2147483647;
			files = (
			);
			runOnlyForDeploymentPostprocessing = 0;
		};
/* End PBXResourcesBuildPhase section */

/* Begin PBXSourcesBuildPhase section */
		0B703EAA19E70B5F00CED5B4 /* Sources */ = {
			isa = PBXSourcesBuildPhase;
			buildActionMask = 2147483647;
			files = (
				0B74953419EC5C570078296B /* NoteDescription.m in Sources */,
				0B703EB719E70B5F00CED5B4 /* AppDelegate.m in Sources */,
				0B74952719EB5A870078296B /* Measure.m in Sources */,
				0B703EBA19E70B5F00CED5B4 /* MasterViewController.m in Sources */,
				0B74952E19EB7BA50078296B /* Assets.m in Sources */,
				0B703EB419E70B5F00CED5B4 /* main.m in Sources */,
				0B74952B19EB793B0078296B /* Instrument.m in Sources */,
				0B74953119EC553C0078296B /* Staff.m in Sources */,
				0B703EBD19E70B5F00CED5B4 /* DetailViewController.m in Sources */,
			);
			runOnlyForDeploymentPostprocessing = 0;
		};
		0B703EC619E70B5F00CED5B4 /* Sources */ = {
			isa = PBXSourcesBuildPhase;
			buildActionMask = 2147483647;
			files = (
				0B703ED119E70B5F00CED5B4 /* RingSeqTests.m in Sources */,
			);
			runOnlyForDeploymentPostprocessing = 0;
		};
/* End PBXSourcesBuildPhase section */

/* Begin PBXTargetDependency section */
		0B703ECC19E70B5F00CED5B4 /* PBXTargetDependency */ = {
			isa = PBXTargetDependency;
			target = 0B703EAD19E70B5F00CED5B4 /* RingSeq */;
			targetProxy = 0B703ECB19E70B5F00CED5B4 /* PBXContainerItemProxy */;
		};
/* End PBXTargetDependency section */

/* Begin PBXVariantGroup section */
		0B703EBE19E70B5F00CED5B4 /* Main.storyboard */ = {
			isa = PBXVariantGroup;
			children = (
				0B703EBF19E70B5F00CED5B4 /* Base */,
			);
			name = Main.storyboard;
			sourceTree = "<group>";
		};
		0B703EC319E70B5F00CED5B4 /* LaunchScreen.xib */ = {
			isa = PBXVariantGroup;
			children = (
				0B703EC419E70B5F00CED5B4 /* Base */,
			);
			name = LaunchScreen.xib;
			sourceTree = "<group>";
		};
/* End PBXVariantGroup section */

/* Begin XCBuildConfiguration section */
		0B703ED219E70B5F00CED5B4 /* Debug */ = {
			isa = XCBuildConfiguration;
			buildSettings = {
				ALWAYS_SEARCH_USER_PATHS = NO;
				CLANG_CXX_LANGUAGE_STANDARD = "gnu++0x";
				CLANG_CXX_LIBRARY = "libc++";
				CLANG_ENABLE_MODULES = YES;
				CLANG_ENABLE_OBJC_ARC = YES;
				CLANG_WARN_BOOL_CONVERSION = YES;
				CLANG_WARN_CONSTANT_CONVERSION = YES;
				CLANG_WARN_DIRECT_OBJC_ISA_USAGE = YES_ERROR;
				CLANG_WARN_EMPTY_BODY = YES;
				CLANG_WARN_ENUM_CONVERSION = YES;
				CLANG_WARN_INT_CONVERSION = YES;
				CLANG_WARN_OBJC_ROOT_CLASS = YES_ERROR;
				CLANG_WARN_UNREACHABLE_CODE = YES;
				CLANG_WARN__DUPLICATE_METHOD_MATCH = YES;
				"CODE_SIGN_IDENTITY[sdk=iphoneos*]" = "iPhone Developer";
				COPY_PHASE_STRIP = NO;
				ENABLE_STRICT_OBJC_MSGSEND = YES;
				GCC_C_LANGUAGE_STANDARD = gnu99;
				GCC_DYNAMIC_NO_PIC = NO;
				GCC_OPTIMIZATION_LEVEL = 0;
				GCC_PREPROCESSOR_DEFINITIONS = (
					"DEBUG=1",
					"$(inherited)",
				);
				GCC_SYMBOLS_PRIVATE_EXTERN = NO;
				GCC_WARN_64_TO_32_BIT_CONVERSION = YES;
				GCC_WARN_ABOUT_RETURN_TYPE = YES_ERROR;
				GCC_WARN_UNDECLARED_SELECTOR = YES;
				GCC_WARN_UNINITIALIZED_AUTOS = YES_AGGRESSIVE;
				GCC_WARN_UNUSED_FUNCTION = YES;
				GCC_WARN_UNUSED_VARIABLE = YES;
				IPHONEOS_DEPLOYMENT_TARGET = 8.0;
				MTL_ENABLE_DEBUG_INFO = YES;
				ONLY_ACTIVE_ARCH = YES;
				SDKROOT = iphoneos;
				TARGETED_DEVICE_FAMILY = "1,2";
			};
			name = Debug;
		};
		0B703ED319E70B5F00CED5B4 /* Release */ = {
			isa = XCBuildConfiguration;
			buildSettings = {
				ALWAYS_SEARCH_USER_PATHS = NO;
				CLANG_CXX_LANGUAGE_STANDARD = "gnu++0x";
				CLANG_CXX_LIBRARY = "libc++";
				CLANG_ENABLE_MODULES = YES;
				CLANG_ENABLE_OBJC_ARC = YES;
				CLANG_WARN_BOOL_CONVERSION = YES;
				CLANG_WARN_CONSTANT_CONVERSION = YES;
				CLANG_WARN_DIRECT_OBJC_ISA_USAGE = YES_ERROR;
				CLANG_WARN_EMPTY_BODY = YES;
				CLANG_WARN_ENUM_CONVERSION = YES;
				CLANG_WARN_INT_CONVERSION = YES;
				CLANG_WARN_OBJC_ROOT_CLASS = YES_ERROR;
				CLANG_WARN_UNREACHABLE_CODE = YES;
				CLANG_WARN__DUPLICATE_METHOD_MATCH = YES;
				"CODE_SIGN_IDENTITY[sdk=iphoneos*]" = "iPhone Developer";
				COPY_PHASE_STRIP = YES;
				ENABLE_NS_ASSERTIONS = NO;
				ENABLE_STRICT_OBJC_MSGSEND = YES;
				GCC_C_LANGUAGE_STANDARD = gnu99;
				GCC_WARN_64_TO_32_BIT_CONVERSION = YES;
				GCC_WARN_ABOUT_RETURN_TYPE = YES_ERROR;
				GCC_WARN_UNDECLARED_SELECTOR = YES;
				GCC_WARN_UNINITIALIZED_AUTOS = YES_AGGRESSIVE;
				GCC_WARN_UNUSED_FUNCTION = YES;
				GCC_WARN_UNUSED_VARIABLE = YES;
				IPHONEOS_DEPLOYMENT_TARGET = 8.0;
				MTL_ENABLE_DEBUG_INFO = NO;
				SDKROOT = iphoneos;
				TARGETED_DEVICE_FAMILY = "1,2";
				VALIDATE_PRODUCT = YES;
			};
			name = Release;
		};
		0B703ED519E70B5F00CED5B4 /* Debug */ = {
			isa = XCBuildConfiguration;
			buildSettings = {
				ASSETCATALOG_COMPILER_APPICON_NAME = AppIcon;
				INFOPLIST_FILE = RingSeq/Info.plist;
				IPHONEOS_DEPLOYMENT_TARGET = 7.1;
				LD_RUNPATH_SEARCH_PATHS = "$(inherited) @executable_path/Frameworks";
				PRODUCT_NAME = "$(TARGET_NAME)";
			};
			name = Debug;
		};
		0B703ED619E70B5F00CED5B4 /* Release */ = {
			isa = XCBuildConfiguration;
			buildSettings = {
				ASSETCATALOG_COMPILER_APPICON_NAME = AppIcon;
				INFOPLIST_FILE = RingSeq/Info.plist;
				IPHONEOS_DEPLOYMENT_TARGET = 7.1;
				LD_RUNPATH_SEARCH_PATHS = "$(inherited) @executable_path/Frameworks";
				PRODUCT_NAME = "$(TARGET_NAME)";
			};
			name = Release;
		};
		0B703ED819E70B5F00CED5B4 /* Debug */ = {
			isa = XCBuildConfiguration;
			buildSettings = {
				BUNDLE_LOADER = "$(TEST_HOST)";
				FRAMEWORK_SEARCH_PATHS = (
					"$(SDKROOT)/Developer/Library/Frameworks",
					"$(inherited)",
				);
				GCC_PREPROCESSOR_DEFINITIONS = (
					"DEBUG=1",
					"$(inherited)",
				);
				INFOPLIST_FILE = RingSeqTests/Info.plist;
				LD_RUNPATH_SEARCH_PATHS = "$(inherited) @executable_path/Frameworks @loader_path/Frameworks";
				PRODUCT_NAME = "$(TARGET_NAME)";
				TEST_HOST = "$(BUILT_PRODUCTS_DIR)/RingSeq.app/RingSeq";
			};
			name = Debug;
		};
		0B703ED919E70B5F00CED5B4 /* Release */ = {
			isa = XCBuildConfiguration;
			buildSettings = {
				BUNDLE_LOADER = "$(TEST_HOST)";
				FRAMEWORK_SEARCH_PATHS = (
					"$(SDKROOT)/Developer/Library/Frameworks",
					"$(inherited)",
				);
				INFOPLIST_FILE = RingSeqTests/Info.plist;
				LD_RUNPATH_SEARCH_PATHS = "$(inherited) @executable_path/Frameworks @loader_path/Frameworks";
				PRODUCT_NAME = "$(TARGET_NAME)";
				TEST_HOST = "$(BUILT_PRODUCTS_DIR)/RingSeq.app/RingSeq";
			};
			name = Release;
		};
/* End XCBuildConfiguration section */

/* Begin XCConfigurationList section */
		0B703EA919E70B5F00CED5B4 /* Build configuration list for PBXProject "RingSeq" */ = {
			isa = XCConfigurationList;
			buildConfigurations = (
				0B703ED219E70B5F00CED5B4 /* Debug */,
				0B703ED319E70B5F00CED5B4 /* Release */,
			);
			defaultConfigurationIsVisible = 0;
			defaultConfigurationName = Release;
		};
		0B703ED419E70B5F00CED5B4 /* Build configuration list for PBXNativeTarget "RingSeq" */ = {
			isa = XCConfigurationList;
			buildConfigurations = (
				0B703ED519E70B5F00CED5B4 /* Debug */,
				0B703ED619E70B5F00CED5B4 /* Release */,
			);
			defaultConfigurationIsVisible = 0;
			defaultConfigurationName = Release;
		};
		0B703ED719E70B5F00CED5B4 /* Build configuration list for PBXNativeTarget "RingSeqTests" */ = {
			isa = XCConfigurationList;
			buildConfigurations = (
				0B703ED819E70B5F00CED5B4 /* Debug */,
				0B703ED919E70B5F00CED5B4 /* Release */,
			);
			defaultConfigurationIsVisible = 0;
			defaultConfigurationName = Release;
		};
/* End XCConfigurationList section */
	};
	rootObject = 0B703EA619E70B5F00CED5B4 /* Project object */;
}
